
Microsoft Visual Studio Solution File, Format Version 12.00
# Visual Studio Version 16
VisualStudioVersion = 16.0.30225.117
MinimumVisualStudioVersion = 10.0.40219.1
Project("{FAE04EC0-301F-11D3-BF4B-00C04F79EFBC}") = "CST-247-Topic_5-Activity_3", "CST-247-Topic_5-Activity_3\CST-247-Topic_5-Activity_3.csproj", "{16A49340-92BC-461D-9777-DB998F2981BC}"
EndProject
Global
	GlobalSection(SolutionConfigurationPlatforms) = preSolution
		Debug|Any CPU = Debug|Any CPU
		Release|Any CPU = Release|Any CPU
	EndGlobalSection
	GlobalSection(ProjectConfigurationPlatforms) = postSolution
		{16A49340-92BC-461D-9777-DB998F2981BC}.Debug|Any CPU.ActiveCfg = Debug|Any CPU
		{16A49340-92BC-461D-9777-DB998F2981BC}.Debug|Any CPU.Build.0 = Debug|Any CPU
		{16A49340-92BC-461D-9777-DB998F2981BC}.Release|Any CPU.ActiveCfg = Release|Any CPU
		{16A49340-92BC-461D-9777-DB998F2981BC}.Release|Any CPU.Build.0 = Release|Any CPU
	EndGlobalSection
	GlobalSection(SolutionProperties) = preSolution
		HideSolutionNode = FALSE
	EndGlobalSection
	GlobalSection(ExtensibilityGlobals) = postSolution
		SolutionGuid = {54A28800-826F-4832-82A7-5330C25118B1}
	EndGlobalSection
EndGlobal
