
Microsoft Visual Studio Solution File, Format Version 12.00
# Visual Studio Version 16
VisualStudioVersion = 16.0.30225.117
MinimumVisualStudioVersion = 10.0.40219.1
Project("{FAE04EC0-301F-11D3-BF4B-00C04F79EFBC}") = "Registration", "Registration.csproj", "{9CB8F705-A890-4E8C-B2B8-1ED2AAA29A3A}"
EndProject
Global
	GlobalSection(SolutionConfigurationPlatforms) = preSolution
		Debug|Any CPU = Debug|Any CPU
		Release|Any CPU = Release|Any CPU
	EndGlobalSection
	GlobalSection(ProjectConfigurationPlatforms) = postSolution
		{9CB8F705-A890-4E8C-B2B8-1ED2AAA29A3A}.Debug|Any CPU.ActiveCfg = Debug|Any CPU
		{9CB8F705-A890-4E8C-B2B8-1ED2AAA29A3A}.Debug|Any CPU.Build.0 = Debug|Any CPU
		{9CB8F705-A890-4E8C-B2B8-1ED2AAA29A3A}.Release|Any CPU.ActiveCfg = Release|Any CPU
		{9CB8F705-A890-4E8C-B2B8-1ED2AAA29A3A}.Release|Any CPU.Build.0 = Release|Any CPU
	EndGlobalSection
	GlobalSection(SolutionProperties) = preSolution
		HideSolutionNode = FALSE
	EndGlobalSection
	GlobalSection(ExtensibilityGlobals) = postSolution
		SolutionGuid = {2327EFC2-94B9-4FA6-ACAF-965F1780DFB8}
	EndGlobalSection
EndGlobal
